
Microsoft Visual Studio Solution File, Format Version 12.00
# Visual Studio Version 16
VisualStudioVersion = 16.0.29123.88
MinimumVisualStudioVersion = 10.0.40219.1
Project("{FAE04EC0-301F-11D3-BF4B-00C04F79EFBC}") = "Account", "Account\Account.csproj", "{A78CD5DF-1FF9-4A14-A78F-7AED668C98A4}"
EndProject
Project("{FAE04EC0-301F-11D3-BF4B-00C04F79EFBC}") = "BankAccount", "BankAccount\BankAccount.csproj", "{4A462DDE-D798-4818-BB68-2116834B0035}"
EndProject
Project("{FAE04EC0-301F-11D3-BF4B-00C04F79EFBC}") = "EnergyDrinks", "EnergyDrinks\EnergyDrinks.csproj", "{7FCC007C-DD8E-40D3-9080-690E3A5BCACE}"
EndProject
Project("{FAE04EC0-301F-11D3-BF4B-00C04F79EFBC}") = "FuelConsumptionCalculator", "FuelConsumptionCalculator\FuelConsumptionCalculator.csproj", "{8CFA0561-C4D0-4419-AC65-C90E0AF2C6FC}"
EndProject
Project("{FAE04EC0-301F-11D3-BF4B-00C04F79EFBC}") = "VideoStore", "VideoStore\VideoStore.csproj", "{40352489-4287-4C39-879A-55BB1A9ED983}"
EndProject
Project("{9A19103F-16F7-4668-BE54-9A1E7A4F7556}") = "Exercise 1", "Exercise 1\Exercise 1.csproj", "{37F211D6-4C01-4E4F-91AA-04629F8A33FA}"
EndProject
Project("{9A19103F-16F7-4668-BE54-9A1E7A4F7556}") = "Exercise 3", "Exercise 3\Exercise 3.csproj", "{88281C0E-6CDE-4539-80AE-9CD0EFD0918A}"
EndProject
Project("{9A19103F-16F7-4668-BE54-9A1E7A4F7556}") = "Exercise 7", "Exercise 7\Exercise 7.csproj", "{9D6261B1-F005-4F1C-A641-845D9D1E778F}"
EndProject
Project("{9A19103F-16F7-4668-BE54-9A1E7A4F7556}") = "Exercise 4", "Exercise 4\Exercise 4.csproj", "{9EFC5245-1BCC-4C74-BADE-BB586FAF9C03}"
EndProject
Project("{9A19103F-16F7-4668-BE54-9A1E7A4F7556}") = "Exercise 5", "Exercise 5\Exercise 5.csproj", "{E7EF6342-4C1D-4D76-920C-3EF76F6FBE2A}"
EndProject
Project("{9A19103F-16F7-4668-BE54-9A1E7A4F7556}") = "Exercise 9", "Exercise 9\Exercise 9.csproj", "{797BD215-F71B-42DB-A857-333D0C1BCC4D}"
EndProject
Project("{9A19103F-16F7-4668-BE54-9A1E7A4F7556}") = "Exercsie 8", "Exercsie 8\Exercsie 8.csproj", "{C62844ED-7C34-457E-952E-8CBB5B8EB062}"
EndProject
Project("{FAE04EC0-301F-11D3-BF4B-00C04F79EFBC}") = "Exercise1.Test", "Exercise1.Test\Exercise1.Test.csproj", "{65FB2DBE-83BF-45A1-8D7A-59FFBC74CE75}"
EndProject
Global
	GlobalSection(SolutionConfigurationPlatforms) = preSolution
		Debug|Any CPU = Debug|Any CPU
		Release|Any CPU = Release|Any CPU
	EndGlobalSection
	GlobalSection(ProjectConfigurationPlatforms) = postSolution
		{A78CD5DF-1FF9-4A14-A78F-7AED668C98A4}.Debug|Any CPU.ActiveCfg = Debug|Any CPU
		{A78CD5DF-1FF9-4A14-A78F-7AED668C98A4}.Debug|Any CPU.Build.0 = Debug|Any CPU
		{A78CD5DF-1FF9-4A14-A78F-7AED668C98A4}.Release|Any CPU.ActiveCfg = Release|Any CPU
		{A78CD5DF-1FF9-4A14-A78F-7AED668C98A4}.Release|Any CPU.Build.0 = Release|Any CPU
		{4A462DDE-D798-4818-BB68-2116834B0035}.Debug|Any CPU.ActiveCfg = Debug|Any CPU
		{4A462DDE-D798-4818-BB68-2116834B0035}.Debug|Any CPU.Build.0 = Debug|Any CPU
		{4A462DDE-D798-4818-BB68-2116834B0035}.Release|Any CPU.ActiveCfg = Release|Any CPU
		{4A462DDE-D798-4818-BB68-2116834B0035}.Release|Any CPU.Build.0 = Release|Any CPU
		{7FCC007C-DD8E-40D3-9080-690E3A5BCACE}.Debug|Any CPU.ActiveCfg = Debug|Any CPU
		{7FCC007C-DD8E-40D3-9080-690E3A5BCACE}.Debug|Any CPU.Build.0 = Debug|Any CPU
		{7FCC007C-DD8E-40D3-9080-690E3A5BCACE}.Release|Any CPU.ActiveCfg = Release|Any CPU
		{7FCC007C-DD8E-40D3-9080-690E3A5BCACE}.Release|Any CPU.Build.0 = Release|Any CPU
		{8CFA0561-C4D0-4419-AC65-C90E0AF2C6FC}.Debug|Any CPU.ActiveCfg = Debug|Any CPU
		{8CFA0561-C4D0-4419-AC65-C90E0AF2C6FC}.Debug|Any CPU.Build.0 = Debug|Any CPU
		{8CFA0561-C4D0-4419-AC65-C90E0AF2C6FC}.Release|Any CPU.ActiveCfg = Release|Any CPU
		{8CFA0561-C4D0-4419-AC65-C90E0AF2C6FC}.Release|Any CPU.Build.0 = Release|Any CPU
		{40352489-4287-4C39-879A-55BB1A9ED983}.Debug|Any CPU.ActiveCfg = Debug|Any CPU
		{40352489-4287-4C39-879A-55BB1A9ED983}.Debug|Any CPU.Build.0 = Debug|Any CPU
		{40352489-4287-4C39-879A-55BB1A9ED983}.Release|Any CPU.ActiveCfg = Release|Any CPU
		{40352489-4287-4C39-879A-55BB1A9ED983}.Release|Any CPU.Build.0 = Release|Any CPU
		{37F211D6-4C01-4E4F-91AA-04629F8A33FA}.Debug|Any CPU.ActiveCfg = Debug|Any CPU
		{37F211D6-4C01-4E4F-91AA-04629F8A33FA}.Debug|Any CPU.Build.0 = Debug|Any CPU
		{37F211D6-4C01-4E4F-91AA-04629F8A33FA}.Release|Any CPU.ActiveCfg = Release|Any CPU
		{37F211D6-4C01-4E4F-91AA-04629F8A33FA}.Release|Any CPU.Build.0 = Release|Any CPU
		{88281C0E-6CDE-4539-80AE-9CD0EFD0918A}.Debug|Any CPU.ActiveCfg = Debug|Any CPU
		{88281C0E-6CDE-4539-80AE-9CD0EFD0918A}.Debug|Any CPU.Build.0 = Debug|Any CPU
		{88281C0E-6CDE-4539-80AE-9CD0EFD0918A}.Release|Any CPU.ActiveCfg = Release|Any CPU
		{88281C0E-6CDE-4539-80AE-9CD0EFD0918A}.Release|Any CPU.Build.0 = Release|Any CPU
		{9D6261B1-F005-4F1C-A641-845D9D1E778F}.Debug|Any CPU.ActiveCfg = Debug|Any CPU
		{9D6261B1-F005-4F1C-A641-845D9D1E778F}.Debug|Any CPU.Build.0 = Debug|Any CPU
		{9D6261B1-F005-4F1C-A641-845D9D1E778F}.Release|Any CPU.ActiveCfg = Release|Any CPU
		{9D6261B1-F005-4F1C-A641-845D9D1E778F}.Release|Any CPU.Build.0 = Release|Any CPU
		{9EFC5245-1BCC-4C74-BADE-BB586FAF9C03}.Debug|Any CPU.ActiveCfg = Debug|Any CPU
		{9EFC5245-1BCC-4C74-BADE-BB586FAF9C03}.Debug|Any CPU.Build.0 = Debug|Any CPU
		{9EFC5245-1BCC-4C74-BADE-BB586FAF9C03}.Release|Any CPU.ActiveCfg = Release|Any CPU
		{9EFC5245-1BCC-4C74-BADE-BB586FAF9C03}.Release|Any CPU.Build.0 = Release|Any CPU
		{E7EF6342-4C1D-4D76-920C-3EF76F6FBE2A}.Debug|Any CPU.ActiveCfg = Debug|Any CPU
		{E7EF6342-4C1D-4D76-920C-3EF76F6FBE2A}.Debug|Any CPU.Build.0 = Debug|Any CPU
		{E7EF6342-4C1D-4D76-920C-3EF76F6FBE2A}.Release|Any CPU.ActiveCfg = Release|Any CPU
		{E7EF6342-4C1D-4D76-920C-3EF76F6FBE2A}.Release|Any CPU.Build.0 = Release|Any CPU
		{797BD215-F71B-42DB-A857-333D0C1BCC4D}.Debug|Any CPU.ActiveCfg = Debug|Any CPU
		{797BD215-F71B-42DB-A857-333D0C1BCC4D}.Debug|Any CPU.Build.0 = Debug|Any CPU
		{797BD215-F71B-42DB-A857-333D0C1BCC4D}.Release|Any CPU.ActiveCfg = Release|Any CPU
		{797BD215-F71B-42DB-A857-333D0C1BCC4D}.Release|Any CPU.Build.0 = Release|Any CPU
		{C62844ED-7C34-457E-952E-8CBB5B8EB062}.Debug|Any CPU.ActiveCfg = Debug|Any CPU
		{C62844ED-7C34-457E-952E-8CBB5B8EB062}.Debug|Any CPU.Build.0 = Debug|Any CPU
		{C62844ED-7C34-457E-952E-8CBB5B8EB062}.Release|Any CPU.ActiveCfg = Release|Any CPU
		{C62844ED-7C34-457E-952E-8CBB5B8EB062}.Release|Any CPU.Build.0 = Release|Any CPU
		{65FB2DBE-83BF-45A1-8D7A-59FFBC74CE75}.Debug|Any CPU.ActiveCfg = Debug|Any CPU
		{65FB2DBE-83BF-45A1-8D7A-59FFBC74CE75}.Debug|Any CPU.Build.0 = Debug|Any CPU
		{65FB2DBE-83BF-45A1-8D7A-59FFBC74CE75}.Release|Any CPU.ActiveCfg = Release|Any CPU
		{65FB2DBE-83BF-45A1-8D7A-59FFBC74CE75}.Release|Any CPU.Build.0 = Release|Any CPU
	EndGlobalSection
	GlobalSection(SolutionProperties) = preSolution
		HideSolutionNode = FALSE
	EndGlobalSection
	GlobalSection(ExtensibilityGlobals) = postSolution
		SolutionGuid = {57C5E787-AAEA-41CC-BD12-4A66023D0568}
	EndGlobalSection
EndGlobal
