
Microsoft Visual Studio Solution File, Format Version 12.00
# Visual Studio Version 16
VisualStudioVersion = 16.0.31911.196
MinimumVisualStudioVersion = 10.0.40219.1
Project("{9A19103F-16F7-4668-BE54-9A1E7A4F7556}") = "MakeSounds", "MakeSounds.csproj", "{1931D7C9-B7CD-4119-87F7-0B89E6F2332B}"
EndProject
Global
	GlobalSection(SolutionConfigurationPlatforms) = preSolution
		Debug|Any CPU = Debug|Any CPU
		Release|Any CPU = Release|Any CPU
	EndGlobalSection
	GlobalSection(ProjectConfigurationPlatforms) = postSolution
		{1931D7C9-B7CD-4119-87F7-0B89E6F2332B}.Debug|Any CPU.ActiveCfg = Debug|Any CPU
		{1931D7C9-B7CD-4119-87F7-0B89E6F2332B}.Debug|Any CPU.Build.0 = Debug|Any CPU
		{1931D7C9-B7CD-4119-87F7-0B89E6F2332B}.Release|Any CPU.ActiveCfg = Release|Any CPU
		{1931D7C9-B7CD-4119-87F7-0B89E6F2332B}.Release|Any CPU.Build.0 = Release|Any CPU
	EndGlobalSection
	GlobalSection(SolutionProperties) = preSolution
		HideSolutionNode = FALSE
	EndGlobalSection
	GlobalSection(ExtensibilityGlobals) = postSolution
		SolutionGuid = {3C5AC35D-297E-4DE5-89B7-75E9D9422966}
	EndGlobalSection
EndGlobal
